
Microsoft Visual Studio Solution File, Format Version 12.00
# Visual Studio 14
VisualStudioVersion = 14.0.24720.0
MinimumVisualStudioVersion = 10.0.40219.1
Project("{FAE04EC0-301F-11D3-BF4B-00C04F79EFBC}") = "ExaPhaser.WebForms.Addin", "ExaPhaser.WebForms.Addin\ExaPhaser.WebForms.Addin.csproj", "{A8FAAEF0-6E85-4F53-B8D9-794AD06A84F9}"
EndProject
Project("{FAE04EC0-301F-11D3-BF4B-00C04F79EFBC}") = "WebFormsTemplate", "WebFormsTemplate\WebFormsTemplate.csproj", "{9E72A1B0-6BAA-463A-AFE5-909B88BA5161}"
EndProject
Global
	GlobalSection(SolutionConfigurationPlatforms) = preSolution
		Debug|Any CPU = Debug|Any CPU
		Release|Any CPU = Release|Any CPU
	EndGlobalSection
	GlobalSection(ProjectConfigurationPlatforms) = postSolution
		{A8FAAEF0-6E85-4F53-B8D9-794AD06A84F9}.Debug|Any CPU.ActiveCfg = Debug|Any CPU
		{A8FAAEF0-6E85-4F53-B8D9-794AD06A84F9}.Debug|Any CPU.Build.0 = Debug|Any CPU
		{A8FAAEF0-6E85-4F53-B8D9-794AD06A84F9}.Release|Any CPU.ActiveCfg = Release|Any CPU
		{A8FAAEF0-6E85-4F53-B8D9-794AD06A84F9}.Release|Any CPU.Build.0 = Release|Any CPU
		{9E72A1B0-6BAA-463A-AFE5-909B88BA5161}.Debug|Any CPU.ActiveCfg = Debug|Any CPU
		{9E72A1B0-6BAA-463A-AFE5-909B88BA5161}.Release|Any CPU.ActiveCfg = Release|Any CPU
	EndGlobalSection
	GlobalSection(SolutionProperties) = preSolution
		HideSolutionNode = FALSE
	EndGlobalSection
EndGlobal
